
Microsoft Visual Studio Solution File, Format Version 12.00
# Visual Studio Version 17
VisualStudioVersion = 17.3.32811.315
MinimumVisualStudioVersion = 10.0.40219.1
Project("{FAE04EC0-301F-11D3-BF4B-00C04F79EFBC}") = "ConsoleApp8", "ConsoleApp8\ConsoleApp8.csproj", "{A149C1D4-9182-40E2-B29A-F5C494339D9F}"
EndProject
Project("{FAE04EC0-301F-11D3-BF4B-00C04F79EFBC}") = "prova 1", "prova 1\prova 1.csproj", "{19B24CEB-DE9D-4208-A69D-873F9AA60DCB}"
EndProject
Project("{FAE04EC0-301F-11D3-BF4B-00C04F79EFBC}") = "prova", "prova\prova.csproj", "{0430FAF0-D208-4EEF-B706-5279B55169C7}"
EndProject
Global
	GlobalSection(SolutionConfigurationPlatforms) = preSolution
		Debug|Any CPU = Debug|Any CPU
		Release|Any CPU = Release|Any CPU
	EndGlobalSection
	GlobalSection(ProjectConfigurationPlatforms) = postSolution
		{A149C1D4-9182-40E2-B29A-F5C494339D9F}.Debug|Any CPU.ActiveCfg = Debug|Any CPU
		{A149C1D4-9182-40E2-B29A-F5C494339D9F}.Debug|Any CPU.Build.0 = Debug|Any CPU
		{A149C1D4-9182-40E2-B29A-F5C494339D9F}.Release|Any CPU.ActiveCfg = Release|Any CPU
		{A149C1D4-9182-40E2-B29A-F5C494339D9F}.Release|Any CPU.Build.0 = Release|Any CPU
		{19B24CEB-DE9D-4208-A69D-873F9AA60DCB}.Debug|Any CPU.ActiveCfg = Debug|Any CPU
		{19B24CEB-DE9D-4208-A69D-873F9AA60DCB}.Debug|Any CPU.Build.0 = Debug|Any CPU
		{19B24CEB-DE9D-4208-A69D-873F9AA60DCB}.Release|Any CPU.ActiveCfg = Release|Any CPU
		{19B24CEB-DE9D-4208-A69D-873F9AA60DCB}.Release|Any CPU.Build.0 = Release|Any CPU
		{0430FAF0-D208-4EEF-B706-5279B55169C7}.Debug|Any CPU.ActiveCfg = Debug|Any CPU
		{0430FAF0-D208-4EEF-B706-5279B55169C7}.Debug|Any CPU.Build.0 = Debug|Any CPU
		{0430FAF0-D208-4EEF-B706-5279B55169C7}.Release|Any CPU.ActiveCfg = Release|Any CPU
		{0430FAF0-D208-4EEF-B706-5279B55169C7}.Release|Any CPU.Build.0 = Release|Any CPU
	EndGlobalSection
	GlobalSection(SolutionProperties) = preSolution
		HideSolutionNode = FALSE
	EndGlobalSection
	GlobalSection(ExtensibilityGlobals) = postSolution
		SolutionGuid = {8DFFEC64-20A3-4645-8AA0-EAAD50BFF84B}
	EndGlobalSection
EndGlobal
